
Microsoft Visual Studio Solution File, Format Version 12.00
# Visual Studio Version 16
VisualStudioVersion = 16.0.30907.101
MinimumVisualStudioVersion = 10.0.40219.1
Project("{9A19103F-16F7-4668-BE54-9A1E7A4F7556}") = "Api", "src\Api\Api.csproj", "{A131FDAE-B15C-414A-8F30-C27EFB38F8B0}"
EndProject
Project("{9A19103F-16F7-4668-BE54-9A1E7A4F7556}") = "Application", "src\Application\Application.csproj", "{FCF3CFF3-179A-49DB-B5C8-5B082146C940}"
EndProject
Project("{FAE04EC0-301F-11D3-BF4B-00C04F79EFBC}") = "Infrastruture", "src\Infrastruture\Infrastruture.csproj", "{9DEA69D9-28E6-4BA3-AFCE-1D48894494CF}"
EndProject
Global
	GlobalSection(SolutionConfigurationPlatforms) = preSolution
		Debug|Any CPU = Debug|Any CPU
		Release|Any CPU = Release|Any CPU
	EndGlobalSection
	GlobalSection(ProjectConfigurationPlatforms) = postSolution
		{A131FDAE-B15C-414A-8F30-C27EFB38F8B0}.Debug|Any CPU.ActiveCfg = Debug|Any CPU
		{A131FDAE-B15C-414A-8F30-C27EFB38F8B0}.Debug|Any CPU.Build.0 = Debug|Any CPU
		{A131FDAE-B15C-414A-8F30-C27EFB38F8B0}.Release|Any CPU.ActiveCfg = Release|Any CPU
		{A131FDAE-B15C-414A-8F30-C27EFB38F8B0}.Release|Any CPU.Build.0 = Release|Any CPU
		{FCF3CFF3-179A-49DB-B5C8-5B082146C940}.Debug|Any CPU.ActiveCfg = Debug|Any CPU
		{FCF3CFF3-179A-49DB-B5C8-5B082146C940}.Debug|Any CPU.Build.0 = Debug|Any CPU
		{FCF3CFF3-179A-49DB-B5C8-5B082146C940}.Release|Any CPU.ActiveCfg = Release|Any CPU
		{FCF3CFF3-179A-49DB-B5C8-5B082146C940}.Release|Any CPU.Build.0 = Release|Any CPU
		{9DEA69D9-28E6-4BA3-AFCE-1D48894494CF}.Debug|Any CPU.ActiveCfg = Debug|Any CPU
		{9DEA69D9-28E6-4BA3-AFCE-1D48894494CF}.Debug|Any CPU.Build.0 = Debug|Any CPU
		{9DEA69D9-28E6-4BA3-AFCE-1D48894494CF}.Release|Any CPU.ActiveCfg = Release|Any CPU
		{9DEA69D9-28E6-4BA3-AFCE-1D48894494CF}.Release|Any CPU.Build.0 = Release|Any CPU
	EndGlobalSection
	GlobalSection(SolutionProperties) = preSolution
		HideSolutionNode = FALSE
	EndGlobalSection
	GlobalSection(ExtensibilityGlobals) = postSolution
		SolutionGuid = {BC03B45C-178F-4DC6-B80D-2E9A167D95A5}
	EndGlobalSection
EndGlobal
